
Microsoft Visual Studio Solution File, Format Version 12.00
# Visual Studio Version 17
VisualStudioVersion = 17.7.34031.279
MinimumVisualStudioVersion = 10.0.40219.1
Project("{FAE04EC0-301F-11D3-BF4B-00C04F79EFBC}") = "Week2", "Week2\Week2.csproj", "{A38EF8AC-811B-48C8-B834-42B4997A6AE9}"
EndProject
Project("{9A19103F-16F7-4668-BE54-9A1E7A4F7556}") = "Week4", "Week4\Week4.csproj", "{4FD86EE2-D954-47F5-B1F1-47A313EA1535}"
EndProject
Project("{2150E333-8FDC-42A3-9474-1A3956D46DE8}") = "Labs", "Labs", "{9E4E3DFA-688B-4C37-8CA9-8F79A60F8DAB}"
EndProject
Project("{2150E333-8FDC-42A3-9474-1A3956D46DE8}") = "Lessons", "Lessons", "{B6BC292F-DF8B-4914-87BB-5B383693E0DB}"
EndProject
Project("{9A19103F-16F7-4668-BE54-9A1E7A4F7556}") = "Week4Lab", "Week4Lab\Week4Lab.csproj", "{A6657921-1F5E-4A7D-9848-726533353A5F}"
EndProject
Project("{9A19103F-16F7-4668-BE54-9A1E7A4F7556}") = "Week5Lab", "Week5Lab\Week5Lab.csproj", "{F51D88AA-0F67-4A56-A00D-ACF19C4415E3}"
EndProject
Project("{FAE04EC0-301F-11D3-BF4B-00C04F79EFBC}") = "Weeb6Lab", "Week6Lab\Weeb6Lab.csproj", "{B7922526-E084-425D-A01F-BAD70015CA29}"
EndProject
Global
	GlobalSection(SolutionConfigurationPlatforms) = preSolution
		Debug|Any CPU = Debug|Any CPU
		Release|Any CPU = Release|Any CPU
	EndGlobalSection
	GlobalSection(ProjectConfigurationPlatforms) = postSolution
		{A38EF8AC-811B-48C8-B834-42B4997A6AE9}.Debug|Any CPU.ActiveCfg = Debug|Any CPU
		{A38EF8AC-811B-48C8-B834-42B4997A6AE9}.Debug|Any CPU.Build.0 = Debug|Any CPU
		{A38EF8AC-811B-48C8-B834-42B4997A6AE9}.Release|Any CPU.ActiveCfg = Release|Any CPU
		{A38EF8AC-811B-48C8-B834-42B4997A6AE9}.Release|Any CPU.Build.0 = Release|Any CPU
		{4FD86EE2-D954-47F5-B1F1-47A313EA1535}.Debug|Any CPU.ActiveCfg = Debug|Any CPU
		{4FD86EE2-D954-47F5-B1F1-47A313EA1535}.Debug|Any CPU.Build.0 = Debug|Any CPU
		{4FD86EE2-D954-47F5-B1F1-47A313EA1535}.Release|Any CPU.ActiveCfg = Release|Any CPU
		{4FD86EE2-D954-47F5-B1F1-47A313EA1535}.Release|Any CPU.Build.0 = Release|Any CPU
		{A6657921-1F5E-4A7D-9848-726533353A5F}.Debug|Any CPU.ActiveCfg = Debug|Any CPU
		{A6657921-1F5E-4A7D-9848-726533353A5F}.Debug|Any CPU.Build.0 = Debug|Any CPU
		{A6657921-1F5E-4A7D-9848-726533353A5F}.Release|Any CPU.ActiveCfg = Release|Any CPU
		{A6657921-1F5E-4A7D-9848-726533353A5F}.Release|Any CPU.Build.0 = Release|Any CPU
		{F51D88AA-0F67-4A56-A00D-ACF19C4415E3}.Debug|Any CPU.ActiveCfg = Debug|Any CPU
		{F51D88AA-0F67-4A56-A00D-ACF19C4415E3}.Debug|Any CPU.Build.0 = Debug|Any CPU
		{F51D88AA-0F67-4A56-A00D-ACF19C4415E3}.Release|Any CPU.ActiveCfg = Release|Any CPU
		{F51D88AA-0F67-4A56-A00D-ACF19C4415E3}.Release|Any CPU.Build.0 = Release|Any CPU
		{B7922526-E084-425D-A01F-BAD70015CA29}.Debug|Any CPU.ActiveCfg = Debug|Any CPU
		{B7922526-E084-425D-A01F-BAD70015CA29}.Debug|Any CPU.Build.0 = Debug|Any CPU
		{B7922526-E084-425D-A01F-BAD70015CA29}.Release|Any CPU.ActiveCfg = Release|Any CPU
		{B7922526-E084-425D-A01F-BAD70015CA29}.Release|Any CPU.Build.0 = Release|Any CPU
	EndGlobalSection
	GlobalSection(SolutionProperties) = preSolution
		HideSolutionNode = FALSE
	EndGlobalSection
	GlobalSection(NestedProjects) = preSolution
		{A38EF8AC-811B-48C8-B834-42B4997A6AE9} = {9E4E3DFA-688B-4C37-8CA9-8F79A60F8DAB}
		{4FD86EE2-D954-47F5-B1F1-47A313EA1535} = {B6BC292F-DF8B-4914-87BB-5B383693E0DB}
		{A6657921-1F5E-4A7D-9848-726533353A5F} = {9E4E3DFA-688B-4C37-8CA9-8F79A60F8DAB}
		{F51D88AA-0F67-4A56-A00D-ACF19C4415E3} = {9E4E3DFA-688B-4C37-8CA9-8F79A60F8DAB}
		{B7922526-E084-425D-A01F-BAD70015CA29} = {9E4E3DFA-688B-4C37-8CA9-8F79A60F8DAB}
	EndGlobalSection
	GlobalSection(ExtensibilityGlobals) = postSolution
		SolutionGuid = {AB458128-9030-4756-9412-3E751FCB6D79}
	EndGlobalSection
EndGlobal
